// !$*UTF8*$!
{
	archiveVersion = 1;
	classes = {
	};
	objectVersion = 46;
	objects = {

/* Begin PBXBuildFile section */
		910708AA146AB37100E1BA88 /* UIKit.framework in Frameworks */ = {isa = PBXBuildFile; fileRef = 910708A9146AB37100E1BA88 /* UIKit.framework */; };
		910708AC146AB37100E1BA88 /* Foundation.framework in Frameworks */ = {isa = PBXBuildFile; fileRef = 910708AB146AB37100E1BA88 /* Foundation.framework */; };
		910708AE146AB37100E1BA88 /* CoreGraphics.framework in Frameworks */ = {isa = PBXBuildFile; fileRef = 910708AD146AB37100E1BA88 /* CoreGraphics.framework */; };
		910708B4146AB37100E1BA88 /* InfoPlist.strings in Resources */ = {isa = PBXBuildFile; fileRef = 910708B2146AB37100E1BA88 /* InfoPlist.strings */; };
		910708B6146AB37100E1BA88 /* main.m in Sources */ = {isa = PBXBuildFile; fileRef = 910708B5146AB37100E1BA88 /* main.m */; };
		910708BA146AB37100E1BA88 /* KSAppDelegate.m in Sources */ = {isa = PBXBuildFile; fileRef = 910708B9146AB37100E1BA88 /* KSAppDelegate.m */; };
		910708BD146AB37100E1BA88 /* KSMasterViewController.m in Sources */ = {isa = PBXBuildFile; fileRef = 910708BC146AB37100E1BA88 /* KSMasterViewController.m */; };
		910708C0146AB37100E1BA88 /* KSDetailViewController.m in Sources */ = {isa = PBXBuildFile; fileRef = 910708BF146AB37100E1BA88 /* KSDetailViewController.m */; };
		910708C3146AB37100E1BA88 /* KSMasterViewController.xib in Resources */ = {isa = PBXBuildFile; fileRef = 910708C1146AB37100E1BA88 /* KSMasterViewController.xib */; };
		910708C6146AB37100E1BA88 /* KSDetailViewController.xib in Resources */ = {isa = PBXBuildFile; fileRef = 910708C4146AB37100E1BA88 /* KSDetailViewController.xib */; };
/* End PBXBuildFile section */

/* Begin PBXFileReference section */
		910708A5146AB37100E1BA88 /* InDict.app */ = {isa = PBXFileReference; explicitFileType = wrapper.application; includeInIndex = 0; path = InDict.app; sourceTree = BUILT_PRODUCTS_DIR; };
		910708A9146AB37100E1BA88 /* UIKit.framework */ = {isa = PBXFileReference; lastKnownFileType = wrapper.framework; name = UIKit.framework; path = System/Library/Frameworks/UIKit.framework; sourceTree = SDKROOT; };
		910708AB146AB37100E1BA88 /* Foundation.framework */ = {isa = PBXFileReference; lastKnownFileType = wrapper.framework; name = Foundation.framework; path = System/Library/Frameworks/Foundation.framework; sourceTree = SDKROOT; };
		910708AD146AB37100E1BA88 /* CoreGraphics.framework */ = {isa = PBXFileReference; lastKnownFileType = wrapper.framework; name = CoreGraphics.framework; path = System/Library/Frameworks/CoreGraphics.framework; sourceTree = SDKROOT; };
		910708B1146AB37100E1BA88 /* InDict-Info.plist */ = {isa = PBXFileReference; path = "InDict-Info.plist"; sourceTree = "<group>"; };
		910708B3146AB37100E1BA88 /* en */ = {isa = PBXFileReference; lastKnownFileType = text.plist.strings; name = en; path = en.lproj/InfoPlist.strings; sourceTree = "<group>"; };
		910708B5146AB37100E1BA88 /* main.m */ = {isa = PBXFileReference; lastKnownFileType = sourcecode.c.objc; path = main.m; sourceTree = "<group>"; };
		910708B7146AB37100E1BA88 /* InDict-Prefix.pch */ = {isa = PBXFileReference; path = "InDict-Prefix.pch"; sourceTree = "<group>"; };
		910708B8146AB37100E1BA88 /* KSAppDelegate.h */ = {isa = PBXFileReference; path = KSAppDelegate.h; sourceTree = "<group>"; };
		910708B9146AB37100E1BA88 /* KSAppDelegate.m */ = {isa = PBXFileReference; lastKnownFileType = sourcecode.c.objc; path = KSAppDelegate.m; sourceTree = "<group>"; };
		910708BB146AB37100E1BA88 /* KSMasterViewController.h */ = {isa = PBXFileReference; path = KSMasterViewController.h; sourceTree = "<group>"; };
		910708BC146AB37100E1BA88 /* KSMasterViewController.m */ = {isa = PBXFileReference; lastKnownFileType = sourcecode.c.objc; path = KSMasterViewController.m; sourceTree = "<group>"; };
		910708BE146AB37100E1BA88 /* KSDetailViewController.h */ = {isa = PBXFileReference; path = KSDetailViewController.h; sourceTree = "<group>"; };
		910708BF146AB37100E1BA88 /* KSDetailViewController.m */ = {isa = PBXFileReference; lastKnownFileType = sourcecode.c.objc; path = KSDetailViewController.m; sourceTree = "<group>"; };
		910708C2146AB37100E1BA88 /* en */ = {isa = PBXFileReference; lastKnownFileType = file.xib; name = en; path = en.lproj/KSMasterViewController.xib; sourceTree = "<group>"; };
		910708C5146AB37100E1BA88 /* en */ = {isa = PBXFileReference; lastKnownFileType = file.xib; name = en; path = en.lproj/KSDetailViewController.xib; sourceTree = "<group>"; };
/* End PBXFileReference section */

/* Begin PBXFrameworksBuildPhase section */
		910708A2146AB37100E1BA88 /* Frameworks */ = {
			isa = PBXFrameworksBuildPhase;
			buildActionMask = 2147483647;
			files = (
				910708AA146AB37100E1BA88 /* UIKit.framework in Frameworks */,
				910708AC146AB37100E1BA88 /* Foundation.framework in Frameworks */,
				910708AE146AB37100E1BA88 /* CoreGraphics.framework in Frameworks */,
			);
			runOnlyForDeploymentPostprocessing = 0;
		};
/* End PBXFrameworksBuildPhase section */

/* Begin PBXGroup section */
		9107089A146AB37000E1BA88 = {
			isa = PBXGroup;
			children = (
				910708AF146AB37100E1BA88 /* InDict */,
				910708A8146AB37100E1BA88 /* Frameworks */,
				910708A6146AB37100E1BA88 /* Products */,
			);
			sourceTree = "<group>";
		};
		910708A6146AB37100E1BA88 /* Products */ = {
			isa = PBXGroup;
			children = (
				910708A5146AB37100E1BA88 /* InDict.app */,
			);
			name = Products;
			sourceTree = "<group>";
		};
		910708A8146AB37100E1BA88 /* Frameworks */ = {
			isa = PBXGroup;
			children = (
				910708A9146AB37100E1BA88 /* UIKit.framework */,
				910708AB146AB37100E1BA88 /* Foundation.framework */,
				910708AD146AB37100E1BA88 /* CoreGraphics.framework */,
			);
			name = Frameworks;
			sourceTree = "<group>";
		};
		910708AF146AB37100E1BA88 /* InDict */ = {
			isa = PBXGroup;
			children = (
				910708B8146AB37100E1BA88 /* KSAppDelegate.h */,
				910708B9146AB37100E1BA88 /* KSAppDelegate.m */,
				910708BB146AB37100E1BA88 /* KSMasterViewController.h */,
				910708BC146AB37100E1BA88 /* KSMasterViewController.m */,
				910708BE146AB37100E1BA88 /* KSDetailViewController.h */,
				910708BF146AB37100E1BA88 /* KSDetailViewController.m */,
				910708C1146AB37100E1BA88 /* KSMasterViewController.xib */,
				910708C4146AB37100E1BA88 /* KSDetailViewController.xib */,
				910708B0146AB37100E1BA88 /* Supporting Files */,
			);
			path = InDict;
			sourceTree = "<group>";
		};
		910708B0146AB37100E1BA88 /* Supporting Files */ = {
			isa = PBXGroup;
			children = (
				910708B1146AB37100E1BA88 /* InDict-Info.plist */,
				910708B2146AB37100E1BA88 /* InfoPlist.strings */,
				910708B5146AB37100E1BA88 /* main.m */,
				910708B7146AB37100E1BA88 /* InDict-Prefix.pch */,
			);
			name = "Supporting Files";
			sourceTree = "<group>";
		};
/* End PBXGroup section */

/* Begin PBXNativeTarget section */
		910708A4146AB37100E1BA88 /* InDict */ = {
			isa = PBXNativeTarget;
			buildConfigurationList = 910708C9146AB37100E1BA88 /* Build configuration list for PBXNativeTarget "InDict" */;
			buildPhases = (
				910708A1146AB37100E1BA88 /* Sources */,
				910708A2146AB37100E1BA88 /* Frameworks */,
				910708A3146AB37100E1BA88 /* Resources */,
			);
			buildRules = (
			);
			dependencies = (
			);
			name = InDict;
			productName = InDict;
			productReference = 910708A5146AB37100E1BA88 /* InDict.app */;
			productType = "com.apple.product-type.application";
		};
/* End PBXNativeTarget section */

/* Begin PBXProject section */
		9107089C146AB37000E1BA88 /* Project object */ = {
			isa = PBXProject;
			attributes = {
				LastUpgradeCheck = 0420;
				ORGANIZATIONNAME = KatokichiSoft;
			};
			buildConfigurationList = 9107089F146AB37000E1BA88 /* Build configuration list for PBXProject "InDict" */;
			compatibilityVersion = "Xcode 3.2";
			developmentRegion = English;
			hasScannedForEncodings = 0;
			knownRegions = (
				en,
			);
			mainGroup = 9107089A146AB37000E1BA88;
			productRefGroup = 910708A6146AB37100E1BA88 /* Products */;
			projectDirPath = "";
			projectRoot = "";
			targets = (
				910708A4146AB37100E1BA88 /* InDict */,
			);
		};
/* End PBXProject section */

/* Begin PBXResourcesBuildPhase section */
		910708A3146AB37100E1BA88 /* Resources */ = {
			isa = PBXResourcesBuildPhase;
			buildActionMask = 2147483647;
			files = (
				910708B4146AB37100E1BA88 /* InfoPlist.strings in Resources */,
				910708C3146AB37100E1BA88 /* KSMasterViewController.xib in Resources */,
				910708C6146AB37100E1BA88 /* KSDetailViewController.xib in Resources */,
			);
			runOnlyForDeploymentPostprocessing = 0;
		};
/* End PBXResourcesBuildPhase section */

/* Begin PBXSourcesBuildPhase section */
		910708A1146AB37100E1BA88 /* Sources */ = {
			isa = PBXSourcesBuildPhase;
			buildActionMask = 2147483647;
			files = (
				910708B6146AB37100E1BA88 /* main.m in Sources */,
				910708BA146AB37100E1BA88 /* KSAppDelegate.m in Sources */,
				910708BD146AB37100E1BA88 /* KSMasterViewController.m in Sources */,
				910708C0146AB37100E1BA88 /* KSDetailViewController.m in Sources */,
			);
			runOnlyForDeploymentPostprocessing = 0;
		};
/* End PBXSourcesBuildPhase section */

/* Begin PBXVariantGroup section */
		910708B2146AB37100E1BA88 /* InfoPlist.strings */ = {
			isa = PBXVariantGroup;
			children = (
				910708B3146AB37100E1BA88 /* en */,
			);
			name = InfoPlist.strings;
			sourceTree = "<group>";
		};
		910708C1146AB37100E1BA88 /* KSMasterViewController.xib */ = {
			isa = PBXVariantGroup;
			children = (
				910708C2146AB37100E1BA88 /* en */,
			);
			name = KSMasterViewController.xib;
			sourceTree = "<group>";
		};
		910708C4146AB37100E1BA88 /* KSDetailViewController.xib */ = {
			isa = PBXVariantGroup;
			children = (
				910708C5146AB37100E1BA88 /* en */,
			);
			name = KSDetailViewController.xib;
			sourceTree = "<group>";
		};
/* End PBXVariantGroup section */

/* Begin XCBuildConfiguration section */
		910708C7146AB37100E1BA88 /* Debug */ = {
			isa = XCBuildConfiguration;
			buildSettings = {
				ALWAYS_SEARCH_USER_PATHS = NO;
				ARCHS = "$(ARCHS_STANDARD_32_BIT)";
				CLANG_ENABLE_OBJC_ARC = YES;
				"CODE_SIGN_IDENTITY[sdk=iphoneos*]" = "iPhone Developer";
				COPY_PHASE_STRIP = NO;
				GCC_C_LANGUAGE_STANDARD = gnu99;
				GCC_DYNAMIC_NO_PIC = NO;
				GCC_OPTIMIZATION_LEVEL = 0;
				GCC_PREPROCESSOR_DEFINITIONS = (
					"DEBUG=1",
					"$(inherited)",
				);
				GCC_SYMBOLS_PRIVATE_EXTERN = NO;
				GCC_VERSION = com.apple.compilers.llvm.clang.1_0;
				GCC_WARN_ABOUT_MISSING_PROTOTYPES = YES;
				GCC_WARN_ABOUT_RETURN_TYPE = YES;
				GCC_WARN_UNUSED_VARIABLE = YES;
				IPHONEOS_DEPLOYMENT_TARGET = 5.0;
				SDKROOT = iphoneos;
			};
			name = Debug;
		};
		910708C8146AB37100E1BA88 /* Release */ = {
			isa = XCBuildConfiguration;
			buildSettings = {
				ALWAYS_SEARCH_USER_PATHS = NO;
				ARCHS = "$(ARCHS_STANDARD_32_BIT)";
				CLANG_ENABLE_OBJC_ARC = YES;
				"CODE_SIGN_IDENTITY[sdk=iphoneos*]" = "iPhone Developer";
				COPY_PHASE_STRIP = YES;
				GCC_C_LANGUAGE_STANDARD = gnu99;
				GCC_VERSION = com.apple.compilers.llvm.clang.1_0;
				GCC_WARN_ABOUT_MISSING_PROTOTYPES = YES;
				GCC_WARN_ABOUT_RETURN_TYPE = YES;
				GCC_WARN_UNUSED_VARIABLE = YES;
				IPHONEOS_DEPLOYMENT_TARGET = 5.0;
				OTHER_CFLAGS = "-DNS_BLOCK_ASSERTIONS=1";
				SDKROOT = iphoneos;
				VALIDATE_PRODUCT = YES;
			};
			name = Release;
		};
		910708CA146AB37100E1BA88 /* Debug */ = {
			isa = XCBuildConfiguration;
			buildSettings = {
				GCC_PRECOMPILE_PREFIX_HEADER = YES;
				GCC_PREFIX_HEADER = "InDict/InDict-Prefix.pch";
				INFOPLIST_FILE = "InDict/InDict-Info.plist";
				PRODUCT_NAME = "$(TARGET_NAME)";
				WRAPPER_EXTENSION = app;
			};
			name = Debug;
		};
		910708CB146AB37100E1BA88 /* Release */ = {
			isa = XCBuildConfiguration;
			buildSettings = {
				GCC_PRECOMPILE_PREFIX_HEADER = YES;
				GCC_PREFIX_HEADER = "InDict/InDict-Prefix.pch";
				INFOPLIST_FILE = "InDict/InDict-Info.plist";
				PRODUCT_NAME = "$(TARGET_NAME)";
				WRAPPER_EXTENSION = app;
			};
			name = Release;
		};
/* End XCBuildConfiguration section */

/* Begin XCConfigurationList section */
		9107089F146AB37000E1BA88 /* Build configuration list for PBXProject "InDict" */ = {
			isa = XCConfigurationList;
			buildConfigurations = (
				910708C7146AB37100E1BA88 /* Debug */,
				910708C8146AB37100E1BA88 /* Release */,
			);
			defaultConfigurationIsVisible = 0;
			defaultConfigurationName = Release;
		};
		910708C9146AB37100E1BA88 /* Build configuration list for PBXNativeTarget "InDict" */ = {
			isa = XCConfigurationList;
			buildConfigurations = (
				910708CA146AB37100E1BA88 /* Debug */,
				910708CB146AB37100E1BA88 /* Release */,
			);
			defaultConfigurationIsVisible = 0;
		};
/* End XCConfigurationList section */
	};
	rootObject = 9107089C146AB37000E1BA88 /* Project object */;
}
